// !$*UTF8*$!
{
	archiveVersion = 1;
	classes = {
	};
	objectVersion = 50;
	objects = {

/* Begin PBXBuildFile section */
		8403FE5326BD96D900FBBF4A /* AppDelegate.swift in Sources */ = {isa = PBXBuildFile; fileRef = 8403FE5226BD96D900FBBF4A /* AppDelegate.swift */; };
		8403FE5526BD96D900FBBF4A /* SceneDelegate.swift in Sources */ = {isa = PBXBuildFile; fileRef = 8403FE5426BD96D900FBBF4A /* SceneDelegate.swift */; };
		8403FE5726BD96D900FBBF4A /* ViewController.swift in Sources */ = {isa = PBXBuildFile; fileRef = 8403FE5626BD96D900FBBF4A /* ViewController.swift */; };
		8403FE5A26BD96D900FBBF4A /* Main.storyboard in Resources */ = {isa = PBXBuildFile; fileRef = 8403FE5826BD96D900FBBF4A /* Main.storyboard */; };
		8403FE5C26BD96DB00FBBF4A /* Assets.xcassets in Resources */ = {isa = PBXBuildFile; fileRef = 8403FE5B26BD96DB00FBBF4A /* Assets.xcassets */; };
		8403FE5F26BD96DB00FBBF4A /* LaunchScreen.storyboard in Resources */ = {isa = PBXBuildFile; fileRef = 8403FE5D26BD96DB00FBBF4A /* LaunchScreen.storyboard */; };
/* End PBXBuildFile section */

/* Begin PBXFileReference section */
		8403FE4F26BD96D900FBBF4A /* Meteors.app */ = {isa = PBXFileReference; explicitFileType = wrapper.application; includeInIndex = 0; path = Meteors.app; sourceTree = BUILT_PRODUCTS_DIR; };
		8403FE5226BD96D900FBBF4A /* AppDelegate.swift */ = {isa = PBXFileReference; lastKnownFileType = sourcecode.swift; path = AppDelegate.swift; sourceTree = "<group>"; };
		8403FE5426BD96D900FBBF4A /* SceneDelegate.swift */ = {isa = PBXFileReference; lastKnownFileType = sourcecode.swift; path = SceneDelegate.swift; sourceTree = "<group>"; };
		8403FE5626BD96D900FBBF4A /* ViewController.swift */ = {isa = PBXFileReference; lastKnownFileType = sourcecode.swift; path = ViewController.swift; sourceTree = "<group>"; };
		8403FE5926BD96D900FBBF4A /* Base */ = {isa = PBXFileReference; lastKnownFileType = file.storyboard; name = Base; path = Base.lproj/Main.storyboard; sourceTree = "<group>"; };
		8403FE5B26BD96DB00FBBF4A /* Assets.xcassets */ = {isa = PBXFileReference; lastKnownFileType = folder.assetcatalog; path = Assets.xcassets; sourceTree = "<group>"; };
		8403FE5E26BD96DB00FBBF4A /* Base */ = {isa = PBXFileReference; lastKnownFileType = file.storyboard; name = Base; path = Base.lproj/LaunchScreen.storyboard; sourceTree = "<group>"; };
		8403FE6026BD96DB00FBBF4A /* Info.plist */ = {isa = PBXFileReference; lastKnownFileType = text.plist.xml; path = Info.plist; sourceTree = "<group>"; };
/* End PBXFileReference section */

/* Begin PBXFrameworksBuildPhase section */
		8403FE4C26BD96D900FBBF4A /* Frameworks */ = {
			isa = PBXFrameworksBuildPhase;
			buildActionMask = 2147483647;
			files = (
			);
			runOnlyForDeploymentPostprocessing = 0;
		};
/* End PBXFrameworksBuildPhase section */

/* Begin PBXGroup section */
		8403FE4626BD96D900FBBF4A = {
			isa = PBXGroup;
			children = (
				8403FE5126BD96D900FBBF4A /* Meteors */,
				8403FE5026BD96D900FBBF4A /* Products */,
			);
			sourceTree = "<group>";
		};
		8403FE5026BD96D900FBBF4A /* Products */ = {
			isa = PBXGroup;
			children = (
				8403FE4F26BD96D900FBBF4A /* Meteors.app */,
			);
			name = Products;
			sourceTree = "<group>";
		};
		8403FE5126BD96D900FBBF4A /* Meteors */ = {
			isa = PBXGroup;
			children = (
				8403FE5226BD96D900FBBF4A /* AppDelegate.swift */,
				8403FE5426BD96D900FBBF4A /* SceneDelegate.swift */,
				8403FE5626BD96D900FBBF4A /* ViewController.swift */,
				8403FE5826BD96D900FBBF4A /* Main.storyboard */,
				8403FE5B26BD96DB00FBBF4A /* Assets.xcassets */,
				8403FE5D26BD96DB00FBBF4A /* LaunchScreen.storyboard */,
				8403FE6026BD96DB00FBBF4A /* Info.plist */,
			);
			path = Meteors;
			sourceTree = "<group>";
		};
/* End PBXGroup section */

/* Begin PBXNativeTarget section */
		8403FE4E26BD96D900FBBF4A /* Meteors */ = {
			isa = PBXNativeTarget;
			buildConfigurationList = 8403FE6326BD96DB00FBBF4A /* Build configuration list for PBXNativeTarget "Meteors" */;
			buildPhases = (
				8403FE4B26BD96D900FBBF4A /* Sources */,
				8403FE4C26BD96D900FBBF4A /* Frameworks */,
				8403FE4D26BD96D900FBBF4A /* Resources */,
			);
			buildRules = (
			);
			dependencies = (
			);
			name = Meteors;
			productName = Meteors;
			productReference = 8403FE4F26BD96D900FBBF4A /* Meteors.app */;
			productType = "com.apple.product-type.application";
		};
/* End PBXNativeTarget section */

/* Begin PBXProject section */
		8403FE4726BD96D900FBBF4A /* Project object */ = {
			isa = PBXProject;
			attributes = {
				LastSwiftUpdateCheck = 1250;
				LastUpgradeCheck = 1250;
				TargetAttributes = {
					8403FE4E26BD96D900FBBF4A = {
						CreatedOnToolsVersion = 12.5.1;
					};
				};
			};
			buildConfigurationList = 8403FE4A26BD96D900FBBF4A /* Build configuration list for PBXProject "Meteors" */;
			compatibilityVersion = "Xcode 9.3";
			developmentRegion = en;
			hasScannedForEncodings = 0;
			knownRegions = (
				en,
				Base,
			);
			mainGroup = 8403FE4626BD96D900FBBF4A;
			productRefGroup = 8403FE5026BD96D900FBBF4A /* Products */;
			projectDirPath = "";
			projectRoot = "";
			targets = (
				8403FE4E26BD96D900FBBF4A /* Meteors */,
			);
		};
/* End PBXProject section */

/* Begin PBXResourcesBuildPhase section */
		8403FE4D26BD96D900FBBF4A /* Resources */ = {
			isa = PBXResourcesBuildPhase;
			buildActionMask = 2147483647;
			files = (
				8403FE5F26BD96DB00FBBF4A /* LaunchScreen.storyboard in Resources */,
				8403FE5C26BD96DB00FBBF4A /* Assets.xcassets in Resources */,
				8403FE5A26BD96D900FBBF4A /* Main.storyboard in Resources */,
			);
			runOnlyForDeploymentPostprocessing = 0;
		};
/* End PBXResourcesBuildPhase section */

/* Begin PBXSourcesBuildPhase section */
		8403FE4B26BD96D900FBBF4A /* Sources */ = {
			isa = PBXSourcesBuildPhase;
			buildActionMask = 2147483647;
			files = (
				8403FE5726BD96D900FBBF4A /* ViewController.swift in Sources */,
				8403FE5326BD96D900FBBF4A /* AppDelegate.swift in Sources */,
				8403FE5526BD96D900FBBF4A /* SceneDelegate.swift in Sources */,
			);
			runOnlyForDeploymentPostprocessing = 0;
		};
/* End PBXSourcesBuildPhase section */

/* Begin PBXVariantGroup section */
		8403FE5826BD96D900FBBF4A /* Main.storyboard */ = {
			isa = PBXVariantGroup;
			children = (
				8403FE5926BD96D900FBBF4A /* Base */,
			);
			name = Main.storyboard;
			sourceTree = "<group>";
		};
		8403FE5D26BD96DB00FBBF4A /* LaunchScreen.storyboard */ = {
			isa = PBXVariantGroup;
			children = (
				8403FE5E26BD96DB00FBBF4A /* Base */,
			);
			name = LaunchScreen.storyboard;
			sourceTree = "<group>";
		};
/* End PBXVariantGroup section */

/* Begin XCBuildConfiguration section */
		8403FE6126BD96DB00FBBF4A /* Debug */ = {
			isa = XCBuildConfiguration;
			buildSettings = {
				ALWAYS_SEARCH_USER_PATHS = NO;
				CLANG_ANALYZER_NONNULL = YES;
				CLANG_ANALYZER_NUMBER_OBJECT_CONVERSION = YES_AGGRESSIVE;
				CLANG_CXX_LANGUAGE_STANDARD = "gnu++14";
				CLANG_CXX_LIBRARY = "libc++";
				CLANG_ENABLE_MODULES = YES;
				CLANG_ENABLE_OBJC_ARC = YES;
				CLANG_ENABLE_OBJC_WEAK = YES;
				CLANG_WARN_BLOCK_CAPTURE_AUTORELEASING = YES;
				CLANG_WARN_BOOL_CONVERSION = YES;
				CLANG_WARN_COMMA = YES;
				CLANG_WARN_CONSTANT_CONVERSION = YES;
				CLANG_WARN_DEPRECATED_OBJC_IMPLEMENTATIONS = YES;
				CLANG_WARN_DIRECT_OBJC_ISA_USAGE = YES_ERROR;
				CLANG_WARN_DOCUMENTATION_COMMENTS = YES;
				CLANG_WARN_EMPTY_BODY = YES;
				CLANG_WARN_ENUM_CONVERSION = YES;
				CLANG_WARN_INFINITE_RECURSION = YES;
				CLANG_WARN_INT_CONVERSION = YES;
				CLANG_WARN_NON_LITERAL_NULL_CONVERSION = YES;
				CLANG_WARN_OBJC_IMPLICIT_RETAIN_SELF = YES;
				CLANG_WARN_OBJC_LITERAL_CONVERSION = YES;
				CLANG_WARN_OBJC_ROOT_CLASS = YES_ERROR;
				CLANG_WARN_QUOTED_INCLUDE_IN_FRAMEWORK_HEADER = YES;
				CLANG_WARN_RANGE_LOOP_ANALYSIS = YES;
				CLANG_WARN_STRICT_PROTOTYPES = YES;
				CLANG_WARN_SUSPICIOUS_MOVE = YES;
				CLANG_WARN_UNGUARDED_AVAILABILITY = YES_AGGRESSIVE;
				CLANG_WARN_UNREACHABLE_CODE = YES;
				CLANG_WARN__DUPLICATE_METHOD_MATCH = YES;
				COPY_PHASE_STRIP = NO;
				DEBUG_INFORMATION_FORMAT = dwarf;
				ENABLE_STRICT_OBJC_MSGSEND = YES;
				ENABLE_TESTABILITY = YES;
				GCC_C_LANGUAGE_STANDARD = gnu11;
				GCC_DYNAMIC_NO_PIC = NO;
				GCC_NO_COMMON_BLOCKS = YES;
				GCC_OPTIMIZATION_LEVEL = 0;
				GCC_PREPROCESSOR_DEFINITIONS = (
					"DEBUG=1",
					"$(inherited)",
				);
				GCC_WARN_64_TO_32_BIT_CONVERSION = YES;
				GCC_WARN_ABOUT_RETURN_TYPE = YES_ERROR;
				GCC_WARN_UNDECLARED_SELECTOR = YES;
				GCC_WARN_UNINITIALIZED_AUTOS = YES_AGGRESSIVE;
				GCC_WARN_UNUSED_FUNCTION = YES;
				GCC_WARN_UNUSED_VARIABLE = YES;
				IPHONEOS_DEPLOYMENT_TARGET = 14.5;
				MTL_ENABLE_DEBUG_INFO = INCLUDE_SOURCE;
				MTL_FAST_MATH = YES;
				ONLY_ACTIVE_ARCH = YES;
				SDKROOT = iphoneos;
				SWIFT_ACTIVE_COMPILATION_CONDITIONS = DEBUG;
				SWIFT_OPTIMIZATION_LEVEL = "-Onone";
			};
			name = Debug;
		};
		8403FE6226BD96DB00FBBF4A /* Release */ = {
			isa = XCBuildConfiguration;
			buildSettings = {
				ALWAYS_SEARCH_USER_PATHS = NO;
				CLANG_ANALYZER_NONNULL = YES;
				CLANG_ANALYZER_NUMBER_OBJECT_CONVERSION = YES_AGGRESSIVE;
				CLANG_CXX_LANGUAGE_STANDARD = "gnu++14";
				CLANG_CXX_LIBRARY = "libc++";
				CLANG_ENABLE_MODULES = YES;
				CLANG_ENABLE_OBJC_ARC = YES;
				CLANG_ENABLE_OBJC_WEAK = YES;
				CLANG_WARN_BLOCK_CAPTURE_AUTORELEASING = YES;
				CLANG_WARN_BOOL_CONVERSION = YES;
				CLANG_WARN_COMMA = YES;
				CLANG_WARN_CONSTANT_CONVERSION = YES;
				CLANG_WARN_DEPRECATED_OBJC_IMPLEMENTATIONS = YES;
				CLANG_WARN_DIRECT_OBJC_ISA_USAGE = YES_ERROR;
				CLANG_WARN_DOCUMENTATION_COMMENTS = YES;
				CLANG_WARN_EMPTY_BODY = YES;
				CLANG_WARN_ENUM_CONVERSION = YES;
				CLANG_WARN_INFINITE_RECURSION = YES;
				CLANG_WARN_INT_CONVERSION = YES;
				CLANG_WARN_NON_LITERAL_NULL_CONVERSION = YES;
				CLANG_WARN_OBJC_IMPLICIT_RETAIN_SELF = YES;
				CLANG_WARN_OBJC_LITERAL_CONVERSION = YES;
				CLANG_WARN_OBJC_ROOT_CLASS = YES_ERROR;
				CLANG_WARN_QUOTED_INCLUDE_IN_FRAMEWORK_HEADER = YES;
				CLANG_WARN_RANGE_LOOP_ANALYSIS = YES;
				CLANG_WARN_STRICT_PROTOTYPES = YES;
				CLANG_WARN_SUSPICIOUS_MOVE = YES;
				CLANG_WARN_UNGUARDED_AVAILABILITY = YES_AGGRESSIVE;
				CLANG_WARN_UNREACHABLE_CODE = YES;
				CLANG_WARN__DUPLICATE_METHOD_MATCH = YES;
				COPY_PHASE_STRIP = NO;
				DEBUG_INFORMATION_FORMAT = "dwarf-with-dsym";
				ENABLE_NS_ASSERTIONS = NO;
				ENABLE_STRICT_OBJC_MSGSEND = YES;
				GCC_C_LANGUAGE_STANDARD = gnu11;
				GCC_NO_COMMON_BLOCKS = YES;
				GCC_WARN_64_TO_32_BIT_CONVERSION = YES;
				GCC_WARN_ABOUT_RETURN_TYPE = YES_ERROR;
				GCC_WARN_UNDECLARED_SELECTOR = YES;
				GCC_WARN_UNINITIALIZED_AUTOS = YES_AGGRESSIVE;
				GCC_WARN_UNUSED_FUNCTION = YES;
				GCC_WARN_UNUSED_VARIABLE = YES;
				IPHONEOS_DEPLOYMENT_TARGET = 14.5;
				MTL_ENABLE_DEBUG_INFO = NO;
				MTL_FAST_MATH = YES;
				SDKROOT = iphoneos;
				SWIFT_COMPILATION_MODE = wholemodule;
				SWIFT_OPTIMIZATION_LEVEL = "-O";
				VALIDATE_PRODUCT = YES;
			};
			name = Release;
		};
		8403FE6426BD96DB00FBBF4A /* Debug */ = {
			isa = XCBuildConfiguration;
			buildSettings = {
				ASSETCATALOG_COMPILER_APPICON_NAME = AppIcon;
				ASSETCATALOG_COMPILER_GLOBAL_ACCENT_COLOR_NAME = AccentColor;
				CODE_SIGN_STYLE = Automatic;
				DEVELOPMENT_TEAM = R9K9T2M88T;
				INFOPLIST_FILE = Meteors/Info.plist;
				LD_RUNPATH_SEARCH_PATHS = (
					"$(inherited)",
					"@executable_path/Frameworks",
				);
				PRODUCT_BUNDLE_IDENTIFIER = com.mywallst.Meteors;
				PRODUCT_NAME = "$(TARGET_NAME)";
				SWIFT_VERSION = 5.0;
				TARGETED_DEVICE_FAMILY = "1,2";
			};
			name = Debug;
		};
		8403FE6526BD96DB00FBBF4A /* Release */ = {
			isa = XCBuildConfiguration;
			buildSettings = {
				ASSETCATALOG_COMPILER_APPICON_NAME = AppIcon;
				ASSETCATALOG_COMPILER_GLOBAL_ACCENT_COLOR_NAME = AccentColor;
				CODE_SIGN_STYLE = Automatic;
				DEVELOPMENT_TEAM = R9K9T2M88T;
				INFOPLIST_FILE = Meteors/Info.plist;
				LD_RUNPATH_SEARCH_PATHS = (
					"$(inherited)",
					"@executable_path/Frameworks",
				);
				PRODUCT_BUNDLE_IDENTIFIER = com.mywallst.Meteors;
				PRODUCT_NAME = "$(TARGET_NAME)";
				SWIFT_VERSION = 5.0;
				TARGETED_DEVICE_FAMILY = "1,2";
			};
			name = Release;
		};
/* End XCBuildConfiguration section */

/* Begin XCConfigurationList section */
		8403FE4A26BD96D900FBBF4A /* Build configuration list for PBXProject "Meteors" */ = {
			isa = XCConfigurationList;
			buildConfigurations = (
				8403FE6126BD96DB00FBBF4A /* Debug */,
				8403FE6226BD96DB00FBBF4A /* Release */,
			);
			defaultConfigurationIsVisible = 0;
			defaultConfigurationName = Release;
		};
		8403FE6326BD96DB00FBBF4A /* Build configuration list for PBXNativeTarget "Meteors" */ = {
			isa = XCConfigurationList;
			buildConfigurations = (
				8403FE6426BD96DB00FBBF4A /* Debug */,
				8403FE6526BD96DB00FBBF4A /* Release */,
			);
			defaultConfigurationIsVisible = 0;
			defaultConfigurationName = Release;
		};
/* End XCConfigurationList section */
	};
	rootObject = 8403FE4726BD96D900FBBF4A /* Project object */;
}
